
Microsoft Visual Studio Solution File, Format Version 12.00
# Visual Studio Version 17
VisualStudioVersion = 17.8.34330.188
MinimumVisualStudioVersion = 10.0.40219.1
Project("{FAE04EC0-301F-11D3-BF4B-00C04F79EFBC}") = "_Nisab_Calculator", "_Nisab_Calculator\_Nisab_Calculator.csproj", "{CA9AB205-9010-44DE-BB46-E93976428BF5}"
EndProject
Global
	GlobalSection(SolutionConfigurationPlatforms) = preSolution
		Debug|Any CPU = Debug|Any CPU
		Release|Any CPU = Release|Any CPU
	EndGlobalSection
	GlobalSection(ProjectConfigurationPlatforms) = postSolution
		{CA9AB205-9010-44DE-BB46-E93976428BF5}.Debug|Any CPU.ActiveCfg = Debug|Any CPU
		{CA9AB205-9010-44DE-BB46-E93976428BF5}.Debug|Any CPU.Build.0 = Debug|Any CPU
		{CA9AB205-9010-44DE-BB46-E93976428BF5}.Release|Any CPU.ActiveCfg = Release|Any CPU
		{CA9AB205-9010-44DE-BB46-E93976428BF5}.Release|Any CPU.Build.0 = Release|Any CPU
	EndGlobalSection
	GlobalSection(SolutionProperties) = preSolution
		HideSolutionNode = FALSE
	EndGlobalSection
	GlobalSection(ExtensibilityGlobals) = postSolution
		SolutionGuid = {2ACBD2B9-4085-4D12-8310-D3D56B4CD3F8}
	EndGlobalSection
EndGlobal
